{
    "_readme": [
        "This file locks the dependencies of your project to a known state",
        "Read more about it at https://getcomposer.org/doc/01-basic-usage.md#installing-dependencies",
        "This file is @generated automatically"
    ],
    "content-hash": "2ef8fb8a749f04da44d71761b1f3a551",
    "packages": [
        {
            "name": "nahid/jsonq",
            "version": "v5.2.2",
            "source": {
                "type": "git",
                "url": "https://github.com/nahid/jsonq.git",
                "reference": "72128f1a337bec2645464aeb42b62c5c76413619"
            },
            "dist": {
                "type": "zip",
                "url": "https://api.github.com/repos/nahid/jsonq/zipball/72128f1a337bec2645464aeb42b62c5c76413619",
                "reference": "72128f1a337bec2645464aeb42b62c5c76413619",
                "shasum": ""
            },
            "require": {
                "php": ">=5.5.0"
            },
            "require-dev": {
                "graham-campbell/testbench": "^3.1",
                "phpunit/phpunit": "^4.8 || ^5.0",
                "symfony/var-dumper": "^3.4"
            },
            "type": "library",
            "autoload": {
                "psr-4": {
                    "Nahid\\JsonQ\\": "src/"
                }
            },
            "notification-url": "https://packagist.org/downloads/",
            "license": [
                "CC0-1.0"
            ],
            "authors": [
                {
                    "name": "Nahid Bin Azhar",
                    "email": "nahid.dns@gmail.com"
                }
            ],
            "description": "JsonQ is a PHP based json data query library",
            "homepage": "https://github.com/nahid/jsonq",
            "keywords": [
                "json",
                "jsonq",
                "query"
            ],
            "time": "2018-10-05T18:33:37+00:00"
        }
    ],
    "packages-dev": [],
    "aliases": [],
    "minimum-stability": "stable",
    "stability-flags": [],
    "prefer-stable": false,
    "prefer-lowest": false,
    "platform": {
        "php": "^7.0"
    },
    "platform-dev": []
}
